{
    "_readme": [
        "This file locks the dependencies of your project to a known state",
        "Read more about it at https://getcomposer.org/doc/01-basic-usage.md#installing-dependencies",
        "This file is @generated automatically"
    ],
    "content-hash": "e8eea402becd544d2833b70df146956d",
    "packages": [
        {
            "name": "composer/installers",
            "version": "dev-main",
            "source": {
                "type": "git",
                "url": "https://github.com/composer/installers.git",
                "reference": "5b390889ecbb17bfa69ed5a030fa2e6075a19ba0"
            },
            "dist": {
                "type": "zip",
                "url": "https://api.github.com/repos/composer/installers/zipball/5b390889ecbb17bfa69ed5a030fa2e6075a19ba0",
                "reference": "5b390889ecbb17bfa69ed5a030fa2e6075a19ba0",
                "shasum": ""
            },
            "require": {
                "composer-plugin-api": "^1.0 || ^2.0",
                "php": "^7.2 || ^8.0"
            },
            "require-dev": {
                "composer/composer": "^1.10.27 || ^2.7.8",
                "composer/semver": "^1.7.2 || ^3.4.2",
                "phpstan/phpstan": "^1.11.11",
                "phpstan/phpstan-phpunit": "^1.4",
                "phpunit/phpunit": "^8.5.39 || ^9.6.20",
                "symfony/process": "^5 || ^6 || ^7.1.3"
            },
            "default-branch": true,
            "type": "composer-plugin",
            "extra": {
                "class": "Composer\\Installers\\Plugin",
                "branch-alias": {
                    "dev-main": "2.x-dev"
                },
                "plugin-modifies-install-path": true
            },
            "autoload": {
                "psr-4": {
                    "Composer\\Installers\\": "src/Composer/Installers"
                }
            },
            "notification-url": "https://packagist.org/downloads/",
            "license": [
                "MIT"
            ],
            "authors": [
                {
                    "name": "Kyle Robinson Young",
                    "email": "kyle@dontkry.com",
                    "homepage": "https://github.com/shama"
                }
            ],
            "description": "A multi-framework Composer library installer",
            "keywords": [
                "Dolibarr",
                "Eliasis",
                "Hurad",
                "ImageCMS",
                "Kanboard",
                "Lan Management System",
                "MODX Evo",
                "MantisBT",
                "Mautic",
                "Maya",
                "OXID",
                "Plentymarkets",
                "Porto",
                "RadPHP",
                "SMF",
                "Starbug",
                "Thelia",
                "Whmcs",
                "WolfCMS",
                "agl",
                "annotatecms",
                "attogram",
                "bitrix",
                "cakephp",
                "chef",
                "cockpit",
                "codeigniter",
                "concrete5",
                "concreteCMS",
                "croogo",
                "dokuwiki",
                "drupal",
                "eZ Platform",
                "elgg",
                "expressionengine",
                "fuelphp",
                "grav",
                "installer",
                "itop",
                "known",
                "kohana",
                "laravel",
                "lavalite",
                "lithium",
                "magento",
                "majima",
                "mako",
                "matomo",
                "mediawiki",
                "miaoxing",
                "modulework",
                "modx",
                "moodle",
                "osclass",
                "pantheon",
                "phpbb",
                "piwik",
                "ppi",
                "processwire",
                "puppet",
                "pxcms",
                "reindex",
                "roundcube",
                "shopware",
                "silverstripe",
                "sydes",
                "sylius",
                "tastyigniter",
                "wordpress",
                "yawik",
                "zend",
                "zikula"
            ],
            "support": {
                "issues": "https://github.com/composer/installers/issues",
                "source": "https://github.com/composer/installers/tree/main"
            },
            "funding": [
                {
                    "url": "https://packagist.com",
                    "type": "custom"
                },
                {
                    "url": "https://github.com/composer",
                    "type": "github"
                },
                {
                    "url": "https://tidelift.com/funding/github/packagist/composer/composer",
                    "type": "tidelift"
                }
            ],
            "time": "2024-11-26T13:24:01+00:00"
        }
    ],
    "packages-dev": [
        {
            "name": "dealerdirect/phpcodesniffer-composer-installer",
            "version": "v1.0.0",
            "source": {
                "type": "git",
                "url": "https://github.com/PHPCSStandards/composer-installer.git",
                "reference": "4be43904336affa5c2f70744a348312336afd0da"
            },
            "dist": {
                "type": "zip",
                "url": "https://api.github.com/repos/PHPCSStandards/composer-installer/zipball/4be43904336affa5c2f70744a348312336afd0da",
                "reference": "4be43904336affa5c2f70744a348312336afd0da",
                "shasum": ""
            },
            "require": {
                "composer-plugin-api": "^1.0 || ^2.0",
                "php": ">=5.4",
                "squizlabs/php_codesniffer": "^2.0 || ^3.1.0 || ^4.0"
            },
            "require-dev": {
                "composer/composer": "*",
                "ext-json": "*",
                "ext-zip": "*",
                "php-parallel-lint/php-parallel-lint": "^1.3.1",
                "phpcompatibility/php-compatibility": "^9.0",
                "yoast/phpunit-polyfills": "^1.0"
            },
            "type": "composer-plugin",
            "extra": {
                "class": "PHPCSStandards\\Composer\\Plugin\\Installers\\PHPCodeSniffer\\Plugin"
            },
            "autoload": {
                "psr-4": {
                    "PHPCSStandards\\Composer\\Plugin\\Installers\\PHPCodeSniffer\\": "src/"
                }
            },
            "notification-url": "https://packagist.org/downloads/",
            "license": [
                "MIT"
            ],
            "authors": [
                {
                    "name": "Franck Nijhof",
                    "email": "franck.nijhof@dealerdirect.com",
                    "homepage": "http://www.frenck.nl",
                    "role": "Developer / IT Manager"
                },
                {
                    "name": "Contributors",
                    "homepage": "https://github.com/PHPCSStandards/composer-installer/graphs/contributors"
                }
            ],
            "description": "PHP_CodeSniffer Standards Composer Installer Plugin",
            "homepage": "http://www.dealerdirect.com",
            "keywords": [
                "PHPCodeSniffer",
                "PHP_CodeSniffer",
                "code quality",
                "codesniffer",
                "composer",
                "installer",
                "phpcbf",
                "phpcs",
                "plugin",
                "qa",
                "quality",
                "standard",
                "standards",
                "style guide",
                "stylecheck",
                "tests"
            ],
            "support": {
                "issues": "https://github.com/PHPCSStandards/composer-installer/issues",
                "source": "https://github.com/PHPCSStandards/composer-installer"
            },
            "time": "2023-01-05T11:28:13+00:00"
        },
        {
            "name": "phpcsstandards/phpcsextra",
            "version": "dev-develop",
            "source": {
                "type": "git",
                "url": "https://github.com/PHPCSStandards/PHPCSExtra.git",
                "reference": "31ef149a1ee85ec0d355e58418d78d927e89d185"
            },
            "dist": {
                "type": "zip",
                "url": "https://api.github.com/repos/PHPCSStandards/PHPCSExtra/zipball/31ef149a1ee85ec0d355e58418d78d927e89d185",
                "reference": "31ef149a1ee85ec0d355e58418d78d927e89d185",
                "shasum": ""
            },
            "require": {
                "php": ">=5.4",
                "phpcsstandards/phpcsutils": "^1.0.9",
                "squizlabs/php_codesniffer": "^3.8.0"
            },
            "require-dev": {
                "php-parallel-lint/php-console-highlighter": "^1.0",
                "php-parallel-lint/php-parallel-lint": "^1.3.2",
                "phpcsstandards/phpcsdevcs": "^1.1.6",
                "phpcsstandards/phpcsdevtools": "^1.2.1",
                "phpunit/phpunit": "^4.5 || ^5.0 || ^6.0 || ^7.0 || ^8.0 || ^9.0"
            },
            "default-branch": true,
            "type": "phpcodesniffer-standard",
            "extra": {
                "branch-alias": {
                    "dev-stable": "1.x-dev",
                    "dev-develop": "1.x-dev"
                }
            },
            "notification-url": "https://packagist.org/downloads/",
            "license": [
                "LGPL-3.0-or-later"
            ],
            "authors": [
                {
                    "name": "Juliette Reinders Folmer",
                    "homepage": "https://github.com/jrfnl",
                    "role": "lead"
                },
                {
                    "name": "Contributors",
                    "homepage": "https://github.com/PHPCSStandards/PHPCSExtra/graphs/contributors"
                }
            ],
            "description": "A collection of sniffs and standards for use with PHP_CodeSniffer.",
            "keywords": [
                "PHP_CodeSniffer",
                "phpcbf",
                "phpcodesniffer-standard",
                "phpcs",
                "standards",
                "static analysis"
            ],
            "support": {
                "issues": "https://github.com/PHPCSStandards/PHPCSExtra/issues",
                "security": "https://github.com/PHPCSStandards/PHPCSExtra/security/policy",
                "source": "https://github.com/PHPCSStandards/PHPCSExtra"
            },
            "funding": [
                {
                    "url": "https://github.com/PHPCSStandards",
                    "type": "github"
                },
                {
                    "url": "https://github.com/jrfnl",
                    "type": "github"
                },
                {
                    "url": "https://opencollective.com/php_codesniffer",
                    "type": "open_collective"
                }
            ],
            "time": "2024-11-11T18:03:33+00:00"
        },
        {
            "name": "phpcsstandards/phpcsutils",
            "version": "dev-develop",
            "source": {
                "type": "git",
                "url": "https://github.com/PHPCSStandards/PHPCSUtils.git",
                "reference": "33dd7776e8a78ddaad1500899ad8c536a7764d4a"
            },
            "dist": {
                "type": "zip",
                "url": "https://api.github.com/repos/PHPCSStandards/PHPCSUtils/zipball/33dd7776e8a78ddaad1500899ad8c536a7764d4a",
                "reference": "33dd7776e8a78ddaad1500899ad8c536a7764d4a",
                "shasum": ""
            },
            "require": {
                "dealerdirect/phpcodesniffer-composer-installer": "^0.4.1 || ^0.5 || ^0.6.2 || ^0.7 || ^1.0",
                "php": ">=5.4",
                "squizlabs/php_codesniffer": "^3.10.1 || 4.0.x-dev@dev"
            },
            "require-dev": {
                "ext-filter": "*",
                "php-parallel-lint/php-console-highlighter": "^1.0",
                "php-parallel-lint/php-parallel-lint": "^1.3.2",
                "phpcsstandards/phpcsdevcs": "^1.1.6",
                "yoast/phpunit-polyfills": "^1.1.0 || ^2.0.0 || ^3.0.0"
            },
            "default-branch": true,
            "type": "phpcodesniffer-standard",
            "extra": {
                "branch-alias": {
                    "dev-stable": "1.x-dev",
                    "dev-develop": "1.x-dev"
                }
            },
            "autoload": {
                "classmap": [
                    "PHPCSUtils/"
                ]
            },
            "notification-url": "https://packagist.org/downloads/",
            "license": [
                "LGPL-3.0-or-later"
            ],
            "authors": [
                {
                    "name": "Juliette Reinders Folmer",
                    "homepage": "https://github.com/jrfnl",
                    "role": "lead"
                },
                {
                    "name": "Contributors",
                    "homepage": "https://github.com/PHPCSStandards/PHPCSUtils/graphs/contributors"
                }
            ],
            "description": "A suite of utility functions for use with PHP_CodeSniffer",
            "homepage": "https://phpcsutils.com/",
            "keywords": [
                "PHP_CodeSniffer",
                "phpcbf",
                "phpcodesniffer-standard",
                "phpcs",
                "phpcs3",
                "standards",
                "static analysis",
                "tokens",
                "utility"
            ],
            "support": {
                "docs": "https://phpcsutils.com/",
                "issues": "https://github.com/PHPCSStandards/PHPCSUtils/issues",
                "security": "https://github.com/PHPCSStandards/PHPCSUtils/security/policy",
                "source": "https://github.com/PHPCSStandards/PHPCSUtils"
            },
            "funding": [
                {
                    "url": "https://github.com/PHPCSStandards",
                    "type": "github"
                },
                {
                    "url": "https://github.com/jrfnl",
                    "type": "github"
                },
                {
                    "url": "https://opencollective.com/php_codesniffer",
                    "type": "open_collective"
                }
            ],
            "time": "2024-12-12T07:44:32+00:00"
        },
        {
            "name": "squizlabs/php_codesniffer",
            "version": "dev-master",
            "source": {
                "type": "git",
                "url": "https://github.com/PHPCSStandards/PHP_CodeSniffer.git",
                "reference": "ba08a82b487e7191908c348c0faed0323603d77d"
            },
            "dist": {
                "type": "zip",
                "url": "https://api.github.com/repos/PHPCSStandards/PHP_CodeSniffer/zipball/ba08a82b487e7191908c348c0faed0323603d77d",
                "reference": "ba08a82b487e7191908c348c0faed0323603d77d",
                "shasum": ""
            },
            "require": {
                "ext-simplexml": "*",
                "ext-tokenizer": "*",
                "ext-xmlwriter": "*",
                "php": ">=5.4.0"
            },
            "require-dev": {
                "phpunit/phpunit": "^4.0 || ^5.0 || ^6.0 || ^7.0 || ^8.0 || ^9.3.4"
            },
            "default-branch": true,
            "bin": [
                "bin/phpcbf",
                "bin/phpcs"
            ],
            "type": "library",
            "extra": {
                "branch-alias": {
                    "dev-master": "3.x-dev"
                }
            },
            "notification-url": "https://packagist.org/downloads/",
            "license": [
                "BSD-3-Clause"
            ],
            "authors": [
                {
                    "name": "Greg Sherwood",
                    "role": "Former lead"
                },
                {
                    "name": "Juliette Reinders Folmer",
                    "role": "Current lead"
                },
                {
                    "name": "Contributors",
                    "homepage": "https://github.com/PHPCSStandards/PHP_CodeSniffer/graphs/contributors"
                }
            ],
            "description": "PHP_CodeSniffer tokenizes PHP, JavaScript and CSS files and detects violations of a defined set of coding standards.",
            "homepage": "https://github.com/PHPCSStandards/PHP_CodeSniffer",
            "keywords": [
                "phpcs",
                "standards",
                "static analysis"
            ],
            "support": {
                "issues": "https://github.com/PHPCSStandards/PHP_CodeSniffer/issues",
                "security": "https://github.com/PHPCSStandards/PHP_CodeSniffer/security/policy",
                "source": "https://github.com/PHPCSStandards/PHP_CodeSniffer",
                "wiki": "https://github.com/PHPCSStandards/PHP_CodeSniffer/wiki"
            },
            "funding": [
                {
                    "url": "https://github.com/PHPCSStandards",
                    "type": "github"
                },
                {
                    "url": "https://github.com/jrfnl",
                    "type": "github"
                },
                {
                    "url": "https://opencollective.com/php_codesniffer",
                    "type": "open_collective"
                }
            ],
            "time": "2025-01-11T03:00:52+00:00"
        },
        {
            "name": "wp-coding-standards/wpcs",
            "version": "dev-develop",
            "source": {
                "type": "git",
                "url": "https://github.com/WordPress/WordPress-Coding-Standards.git",
                "reference": "c028f329aadd97788288c5cb4d1884eca50b954d"
            },
            "dist": {
                "type": "zip",
                "url": "https://api.github.com/repos/WordPress/WordPress-Coding-Standards/zipball/c028f329aadd97788288c5cb4d1884eca50b954d",
                "reference": "c028f329aadd97788288c5cb4d1884eca50b954d",
                "shasum": ""
            },
            "require": {
                "ext-filter": "*",
                "ext-libxml": "*",
                "ext-tokenizer": "*",
                "ext-xmlreader": "*",
                "php": ">=5.4",
                "phpcsstandards/phpcsextra": "^1.2.1",
                "phpcsstandards/phpcsutils": "^1.0.10",
                "squizlabs/php_codesniffer": "^3.9.0"
            },
            "require-dev": {
                "php-parallel-lint/php-console-highlighter": "^1.0.0",
                "php-parallel-lint/php-parallel-lint": "^1.3.2",
                "phpcompatibility/php-compatibility": "^9.0",
                "phpcsstandards/phpcsdevtools": "^1.2.0",
                "phpunit/phpunit": "^4.0 || ^5.0 || ^6.0 || ^7.0 || ^8.0 || ^9.0"
            },
            "suggest": {
                "ext-iconv": "For improved results",
                "ext-mbstring": "For improved results"
            },
            "default-branch": true,
            "type": "phpcodesniffer-standard",
            "notification-url": "https://packagist.org/downloads/",
            "license": [
                "MIT"
            ],
            "authors": [
                {
                    "name": "Contributors",
                    "homepage": "https://github.com/WordPress/WordPress-Coding-Standards/graphs/contributors"
                }
            ],
            "description": "PHP_CodeSniffer rules (sniffs) to enforce WordPress coding conventions",
            "keywords": [
                "phpcs",
                "standards",
                "static analysis",
                "wordpress"
            ],
            "support": {
                "issues": "https://github.com/WordPress/WordPress-Coding-Standards/issues",
                "source": "https://github.com/WordPress/WordPress-Coding-Standards",
                "wiki": "https://github.com/WordPress/WordPress-Coding-Standards/wiki"
            },
            "funding": [
                {
                    "url": "https://opencollective.com/php_codesniffer",
                    "type": "custom"
                }
            ],
            "time": "2024-12-27T12:57:17+00:00"
        }
    ],
    "aliases": [],
    "minimum-stability": "dev",
    "stability-flags": {},
    "prefer-stable": false,
    "prefer-lowest": false,
    "platform": {
        "php": ">=5.6.0"
    },
    "platform-dev": {},
    "plugin-api-version": "2.6.0"
}
